// !$*UTF8*$!
{
	archiveVersion = 1;
	classes = {
	};
	objectVersion = 77;
	objects = {

/* Begin PBXContainerItemProxy section */
		C442E6732DA34A3A003A7644 /* PBXContainerItemProxy */ = {
			isa = PBXContainerItemProxy;
			containerPortal = C442E65A2DA34A37003A7644 /* Project object */;
			proxyType = 1;
			remoteGlobalIDString = C442E6612DA34A37003A7644;
			remoteInfo = rockpaperscissorsreal;
		};
		C442E67D2DA34A3A003A7644 /* PBXContainerItemProxy */ = {
			isa = PBXContainerItemProxy;
			containerPortal = C442E65A2DA34A37003A7644 /* Project object */;
			proxyType = 1;
			remoteGlobalIDString = C442E6612DA34A37003A7644;
			remoteInfo = rockpaperscissorsreal;
		};
/* End PBXContainerItemProxy section */

/* Begin PBXFileReference section */
		C442E6622DA34A37003A7644 /* rockpaperscissorsreal.app */ = {isa = PBXFileReference; explicitFileType = wrapper.application; includeInIndex = 0; path = rockpaperscissorsreal.app; sourceTree = BUILT_PRODUCTS_DIR; };
		C442E6722DA34A3A003A7644 /* rockpaperscissorsrealTests.xctest */ = {isa = PBXFileReference; explicitFileType = wrapper.cfbundle; includeInIndex = 0; path = rockpaperscissorsrealTests.xctest; sourceTree = BUILT_PRODUCTS_DIR; };
		C442E67C2DA34A3A003A7644 /* rockpaperscissorsrealUITests.xctest */ = {isa = PBXFileReference; explicitFileType = wrapper.cfbundle; includeInIndex = 0; path = rockpaperscissorsrealUITests.xctest; sourceTree = BUILT_PRODUCTS_DIR; };
/* End PBXFileReference section */

/* Begin PBXFileSystemSynchronizedRootGroup section */
		C442E6642DA34A37003A7644 /* rockpaperscissorsreal */ = {
			isa = PBXFileSystemSynchronizedRootGroup;
			path = rockpaperscissorsreal;
			sourceTree = "<group>";
		};
		C442E6752DA34A3A003A7644 /* rockpaperscissorsrealTests */ = {
			isa = PBXFileSystemSynchronizedRootGroup;
			path = rockpaperscissorsrealTests;
			sourceTree = "<group>";
		};
		C442E67F2DA34A3A003A7644 /* rockpaperscissorsrealUITests */ = {
			isa = PBXFileSystemSynchronizedRootGroup;
			path = rockpaperscissorsrealUITests;
			sourceTree = "<group>";
		};
/* End PBXFileSystemSynchronizedRootGroup section */

/* Begin PBXFrameworksBuildPhase section */
		C442E65F2DA34A37003A7644 /* Frameworks */ = {
			isa = PBXFrameworksBuildPhase;
			buildActionMask = 2147483647;
			files = (
			);
			runOnlyForDeploymentPostprocessing = 0;
		};
		C442E66F2DA34A3A003A7644 /* Frameworks */ = {
			isa = PBXFrameworksBuildPhase;
			buildActionMask = 2147483647;
			files = (
			);
			runOnlyForDeploymentPostprocessing = 0;
		};
		C442E6792DA34A3A003A7644 /* Frameworks */ = {
			isa = PBXFrameworksBuildPhase;
			buildActionMask = 2147483647;
			files = (
			);
			runOnlyForDeploymentPostprocessing = 0;
		};
/* End PBXFrameworksBuildPhase section */

/* Begin PBXGroup section */
		C442E6592DA34A37003A7644 = {
			isa = PBXGroup;
			children = (
				C442E6642DA34A37003A7644 /* rockpaperscissorsreal */,
				C442E6752DA34A3A003A7644 /* rockpaperscissorsrealTests */,
				C442E67F2DA34A3A003A7644 /* rockpaperscissorsrealUITests */,
				C442E6632DA34A37003A7644 /* Products */,
			);
			sourceTree = "<group>";
		};
		C442E6632DA34A37003A7644 /* Products */ = {
			isa = PBXGroup;
			children = (
				C442E6622DA34A37003A7644 /* rockpaperscissorsreal.app */,
				C442E6722DA34A3A003A7644 /* rockpaperscissorsrealTests.xctest */,
				C442E67C2DA34A3A003A7644 /* rockpaperscissorsrealUITests.xctest */,
			);
			name = Products;
			sourceTree = "<group>";
		};
/* End PBXGroup section */

/* Begin PBXNativeTarget section */
		C442E6612DA34A37003A7644 /* rockpaperscissorsreal */ = {
			isa = PBXNativeTarget;
			buildConfigurationList = C442E6862DA34A3A003A7644 /* Build configuration list for PBXNativeTarget "rockpaperscissorsreal" */;
			buildPhases = (
				C442E65E2DA34A37003A7644 /* Sources */,
				C442E65F2DA34A37003A7644 /* Frameworks */,
				C442E6602DA34A37003A7644 /* Resources */,
			);
			buildRules = (
			);
			dependencies = (
			);
			fileSystemSynchronizedGroups = (
				C442E6642DA34A37003A7644 /* rockpaperscissorsreal */,
			);
			name = rockpaperscissorsreal;
			packageProductDependencies = (
			);
			productName = rockpaperscissorsreal;
			productReference = C442E6622DA34A37003A7644 /* rockpaperscissorsreal.app */;
			productType = "com.apple.product-type.application";
		};
		C442E6712DA34A3A003A7644 /* rockpaperscissorsrealTests */ = {
			isa = PBXNativeTarget;
			buildConfigurationList = C442E6892DA34A3A003A7644 /* Build configuration list for PBXNativeTarget "rockpaperscissorsrealTests" */;
			buildPhases = (
				C442E66E2DA34A3A003A7644 /* Sources */,
				C442E66F2DA34A3A003A7644 /* Frameworks */,
				C442E6702DA34A3A003A7644 /* Resources */,
			);
			buildRules = (
			);
			dependencies = (
				C442E6742DA34A3A003A7644 /* PBXTargetDependency */,
			);
			fileSystemSynchronizedGroups = (
				C442E6752DA34A3A003A7644 /* rockpaperscissorsrealTests */,
			);
			name = rockpaperscissorsrealTests;
			packageProductDependencies = (
			);
			productName = rockpaperscissorsrealTests;
			productReference = C442E6722DA34A3A003A7644 /* rockpaperscissorsrealTests.xctest */;
			productType = "com.apple.product-type.bundle.unit-test";
		};
		C442E67B2DA34A3A003A7644 /* rockpaperscissorsrealUITests */ = {
			isa = PBXNativeTarget;
			buildConfigurationList = C442E68C2DA34A3A003A7644 /* Build configuration list for PBXNativeTarget "rockpaperscissorsrealUITests" */;
			buildPhases = (
				C442E6782DA34A3A003A7644 /* Sources */,
				C442E6792DA34A3A003A7644 /* Frameworks */,
				C442E67A2DA34A3A003A7644 /* Resources */,
			);
			buildRules = (
			);
			dependencies = (
				C442E67E2DA34A3A003A7644 /* PBXTargetDependency */,
			);
			fileSystemSynchronizedGroups = (
				C442E67F2DA34A3A003A7644 /* rockpaperscissorsrealUITests */,
			);
			name = rockpaperscissorsrealUITests;
			packageProductDependencies = (
			);
			productName = rockpaperscissorsrealUITests;
			productReference = C442E67C2DA34A3A003A7644 /* rockpaperscissorsrealUITests.xctest */;
			productType = "com.apple.product-type.bundle.ui-testing";
		};
/* End PBXNativeTarget section */

/* Begin PBXProject section */
		C442E65A2DA34A37003A7644 /* Project object */ = {
			isa = PBXProject;
			attributes = {
				BuildIndependentTargetsInParallel = 1;
				LastSwiftUpdateCheck = 1620;
				LastUpgradeCheck = 1620;
				TargetAttributes = {
					C442E6612DA34A37003A7644 = {
						CreatedOnToolsVersion = 16.2;
					};
					C442E6712DA34A3A003A7644 = {
						CreatedOnToolsVersion = 16.2;
						TestTargetID = C442E6612DA34A37003A7644;
					};
					C442E67B2DA34A3A003A7644 = {
						CreatedOnToolsVersion = 16.2;
						TestTargetID = C442E6612DA34A37003A7644;
					};
				};
			};
			buildConfigurationList = C442E65D2DA34A37003A7644 /* Build configuration list for PBXProject "rockpaperscissorsreal" */;
			developmentRegion = en;
			hasScannedForEncodings = 0;
			knownRegions = (
				en,
				Base,
			);
			mainGroup = C442E6592DA34A37003A7644;
			minimizedProjectReferenceProxies = 1;
			preferredProjectObjectVersion = 77;
			productRefGroup = C442E6632DA34A37003A7644 /* Products */;
			projectDirPath = "";
			projectRoot = "";
			targets = (
				C442E6612DA34A37003A7644 /* rockpaperscissorsreal */,
				C442E6712DA34A3A003A7644 /* rockpaperscissorsrealTests */,
				C442E67B2DA34A3A003A7644 /* rockpaperscissorsrealUITests */,
			);
		};
/* End PBXProject section */

/* Begin PBXResourcesBuildPhase section */
		C442E6602DA34A37003A7644 /* Resources */ = {
			isa = PBXResourcesBuildPhase;
			buildActionMask = 2147483647;
			files = (
			);
			runOnlyForDeploymentPostprocessing = 0;
		};
		C442E6702DA34A3A003A7644 /* Resources */ = {
			isa = PBXResourcesBuildPhase;
			buildActionMask = 2147483647;
			files = (
			);
			runOnlyForDeploymentPostprocessing = 0;
		};
		C442E67A2DA34A3A003A7644 /* Resources */ = {
			isa = PBXResourcesBuildPhase;
			buildActionMask = 2147483647;
			files = (
			);
			runOnlyForDeploymentPostprocessing = 0;
		};
/* End PBXResourcesBuildPhase section */

/* Begin PBXSourcesBuildPhase section */
		C442E65E2DA34A37003A7644 /* Sources */ = {
			isa = PBXSourcesBuildPhase;
			buildActionMask = 2147483647;
			files = (
			);
			runOnlyForDeploymentPostprocessing = 0;
		};
		C442E66E2DA34A3A003A7644 /* Sources */ = {
			isa = PBXSourcesBuildPhase;
			buildActionMask = 2147483647;
			files = (
			);
			runOnlyForDeploymentPostprocessing = 0;
		};
		C442E6782DA34A3A003A7644 /* Sources */ = {
			isa = PBXSourcesBuildPhase;
			buildActionMask = 2147483647;
			files = (
			);
			runOnlyForDeploymentPostprocessing = 0;
		};
/* End PBXSourcesBuildPhase section */

/* Begin PBXTargetDependency section */
		C442E6742DA34A3A003A7644 /* PBXTargetDependency */ = {
			isa = PBXTargetDependency;
			target = C442E6612DA34A37003A7644 /* rockpaperscissorsreal */;
			targetProxy = C442E6732DA34A3A003A7644 /* PBXContainerItemProxy */;
		};
		C442E67E2DA34A3A003A7644 /* PBXTargetDependency */ = {
			isa = PBXTargetDependency;
			target = C442E6612DA34A37003A7644 /* rockpaperscissorsreal */;
			targetProxy = C442E67D2DA34A3A003A7644 /* PBXContainerItemProxy */;
		};
/* End PBXTargetDependency section */

/* Begin XCBuildConfiguration section */
		C442E6842DA34A3A003A7644 /* Debug */ = {
			isa = XCBuildConfiguration;
			buildSettings = {
				ALWAYS_SEARCH_USER_PATHS = NO;
				ASSETCATALOG_COMPILER_GENERATE_SWIFT_ASSET_SYMBOL_EXTENSIONS = YES;
				CLANG_ANALYZER_NONNULL = YES;
				CLANG_ANALYZER_NUMBER_OBJECT_CONVERSION = YES_AGGRESSIVE;
				CLANG_CXX_LANGUAGE_STANDARD = "gnu++20";
				CLANG_ENABLE_MODULES = YES;
				CLANG_ENABLE_OBJC_ARC = YES;
				CLANG_ENABLE_OBJC_WEAK = YES;
				CLANG_WARN_BLOCK_CAPTURE_AUTORELEASING = YES;
				CLANG_WARN_BOOL_CONVERSION = YES;
				CLANG_WARN_COMMA = YES;
				CLANG_WARN_CONSTANT_CONVERSION = YES;
				CLANG_WARN_DEPRECATED_OBJC_IMPLEMENTATIONS = YES;
				CLANG_WARN_DIRECT_OBJC_ISA_USAGE = YES_ERROR;
				CLANG_WARN_DOCUMENTATION_COMMENTS = YES;
				CLANG_WARN_EMPTY_BODY = YES;
				CLANG_WARN_ENUM_CONVERSION = YES;
				CLANG_WARN_INFINITE_RECURSION = YES;
				CLANG_WARN_INT_CONVERSION = YES;
				CLANG_WARN_NON_LITERAL_NULL_CONVERSION = YES;
				CLANG_WARN_OBJC_IMPLICIT_RETAIN_SELF = YES;
				CLANG_WARN_OBJC_LITERAL_CONVERSION = YES;
				CLANG_WARN_OBJC_ROOT_CLASS = YES_ERROR;
				CLANG_WARN_QUOTED_INCLUDE_IN_FRAMEWORK_HEADER = YES;
				CLANG_WARN_RANGE_LOOP_ANALYSIS = YES;
				CLANG_WARN_STRICT_PROTOTYPES = YES;
				CLANG_WARN_SUSPICIOUS_MOVE = YES;
				CLANG_WARN_UNGUARDED_AVAILABILITY = YES_AGGRESSIVE;
				CLANG_WARN_UNREACHABLE_CODE = YES;
				CLANG_WARN__DUPLICATE_METHOD_MATCH = YES;
				COPY_PHASE_STRIP = NO;
				DEBUG_INFORMATION_FORMAT = dwarf;
				ENABLE_STRICT_OBJC_MSGSEND = YES;
				ENABLE_TESTABILITY = YES;
				ENABLE_USER_SCRIPT_SANDBOXING = YES;
				GCC_C_LANGUAGE_STANDARD = gnu17;
				GCC_DYNAMIC_NO_PIC = NO;
				GCC_NO_COMMON_BLOCKS = YES;
				GCC_OPTIMIZATION_LEVEL = 0;
				GCC_PREPROCESSOR_DEFINITIONS = (
					"DEBUG=1",
					"$(inherited)",
				);
				GCC_WARN_64_TO_32_BIT_CONVERSION = YES;
				GCC_WARN_ABOUT_RETURN_TYPE = YES_ERROR;
				GCC_WARN_UNDECLARED_SELECTOR = YES;
				GCC_WARN_UNINITIALIZED_AUTOS = YES_AGGRESSIVE;
				GCC_WARN_UNUSED_FUNCTION = YES;
				GCC_WARN_UNUSED_VARIABLE = YES;
				IPHONEOS_DEPLOYMENT_TARGET = 18.2;
				LOCALIZATION_PREFERS_STRING_CATALOGS = YES;
				MTL_ENABLE_DEBUG_INFO = INCLUDE_SOURCE;
				MTL_FAST_MATH = YES;
				ONLY_ACTIVE_ARCH = YES;
				SDKROOT = iphoneos;
				SWIFT_ACTIVE_COMPILATION_CONDITIONS = "DEBUG $(inherited)";
				SWIFT_OPTIMIZATION_LEVEL = "-Onone";
			};
			name = Debug;
		};
		C442E6852DA34A3A003A7644 /* Release */ = {
			isa = XCBuildConfiguration;
			buildSettings = {
				ALWAYS_SEARCH_USER_PATHS = NO;
				ASSETCATALOG_COMPILER_GENERATE_SWIFT_ASSET_SYMBOL_EXTENSIONS = YES;
				CLANG_ANALYZER_NONNULL = YES;
				CLANG_ANALYZER_NUMBER_OBJECT_CONVERSION = YES_AGGRESSIVE;
				CLANG_CXX_LANGUAGE_STANDARD = "gnu++20";
				CLANG_ENABLE_MODULES = YES;
				CLANG_ENABLE_OBJC_ARC = YES;
				CLANG_ENABLE_OBJC_WEAK = YES;
				CLANG_WARN_BLOCK_CAPTURE_AUTORELEASING = YES;
				CLANG_WARN_BOOL_CONVERSION = YES;
				CLANG_WARN_COMMA = YES;
				CLANG_WARN_CONSTANT_CONVERSION = YES;
				CLANG_WARN_DEPRECATED_OBJC_IMPLEMENTATIONS = YES;
				CLANG_WARN_DIRECT_OBJC_ISA_USAGE = YES_ERROR;
				CLANG_WARN_DOCUMENTATION_COMMENTS = YES;
				CLANG_WARN_EMPTY_BODY = YES;
				CLANG_WARN_ENUM_CONVERSION = YES;
				CLANG_WARN_INFINITE_RECURSION = YES;
				CLANG_WARN_INT_CONVERSION = YES;
				CLANG_WARN_NON_LITERAL_NULL_CONVERSION = YES;
				CLANG_WARN_OBJC_IMPLICIT_RETAIN_SELF = YES;
				CLANG_WARN_OBJC_LITERAL_CONVERSION = YES;
				CLANG_WARN_OBJC_ROOT_CLASS = YES_ERROR;
				CLANG_WARN_QUOTED_INCLUDE_IN_FRAMEWORK_HEADER = YES;
				CLANG_WARN_RANGE_LOOP_ANALYSIS = YES;
				CLANG_WARN_STRICT_PROTOTYPES = YES;
				CLANG_WARN_SUSPICIOUS_MOVE = YES;
				CLANG_WARN_UNGUARDED_AVAILABILITY = YES_AGGRESSIVE;
				CLANG_WARN_UNREACHABLE_CODE = YES;
				CLANG_WARN__DUPLICATE_METHOD_MATCH = YES;
				COPY_PHASE_STRIP = NO;
				DEBUG_INFORMATION_FORMAT = "dwarf-with-dsym";
				ENABLE_NS_ASSERTIONS = NO;
				ENABLE_STRICT_OBJC_MSGSEND = YES;
				ENABLE_USER_SCRIPT_SANDBOXING = YES;
				GCC_C_LANGUAGE_STANDARD = gnu17;
				GCC_NO_COMMON_BLOCKS = YES;
				GCC_WARN_64_TO_32_BIT_CONVERSION = YES;
				GCC_WARN_ABOUT_RETURN_TYPE = YES_ERROR;
				GCC_WARN_UNDECLARED_SELECTOR = YES;
				GCC_WARN_UNINITIALIZED_AUTOS = YES_AGGRESSIVE;
				GCC_WARN_UNUSED_FUNCTION = YES;
				GCC_WARN_UNUSED_VARIABLE = YES;
				IPHONEOS_DEPLOYMENT_TARGET = 18.2;
				LOCALIZATION_PREFERS_STRING_CATALOGS = YES;
				MTL_ENABLE_DEBUG_INFO = NO;
				MTL_FAST_MATH = YES;
				SDKROOT = iphoneos;
				SWIFT_COMPILATION_MODE = wholemodule;
				VALIDATE_PRODUCT = YES;
			};
			name = Release;
		};
		C442E6872DA34A3A003A7644 /* Debug */ = {
			isa = XCBuildConfiguration;
			buildSettings = {
				ASSETCATALOG_COMPILER_APPICON_NAME = AppIcon;
				ASSETCATALOG_COMPILER_GLOBAL_ACCENT_COLOR_NAME = AccentColor;
				CODE_SIGN_STYLE = Automatic;
				CURRENT_PROJECT_VERSION = 1;
				DEVELOPMENT_ASSET_PATHS = "\"rockpaperscissorsreal/Preview Content\"";
				ENABLE_PREVIEWS = YES;
				GENERATE_INFOPLIST_FILE = YES;
				INFOPLIST_KEY_UIApplicationSceneManifest_Generation = YES;
				INFOPLIST_KEY_UIApplicationSupportsIndirectInputEvents = YES;
				INFOPLIST_KEY_UILaunchScreen_Generation = YES;
				INFOPLIST_KEY_UISupportedInterfaceOrientations_iPad = "UIInterfaceOrientationPortrait UIInterfaceOrientationPortraitUpsideDown UIInterfaceOrientationLandscapeLeft UIInterfaceOrientationLandscapeRight";
				INFOPLIST_KEY_UISupportedInterfaceOrientations_iPhone = "UIInterfaceOrientationPortrait UIInterfaceOrientationLandscapeLeft UIInterfaceOrientationLandscapeRight";
				LD_RUNPATH_SEARCH_PATHS = (
					"$(inherited)",
					"@executable_path/Frameworks",
				);
				MARKETING_VERSION = 1.0;
				PRODUCT_BUNDLE_IDENTIFIER = com.kaajal.rockpaperscissorsreal;
				PRODUCT_NAME = "$(TARGET_NAME)";
				SWIFT_EMIT_LOC_STRINGS = YES;
				SWIFT_VERSION = 5.0;
				TARGETED_DEVICE_FAMILY = "1,2";
			};
			name = Debug;
		};
		C442E6882DA34A3A003A7644 /* Release */ = {
			isa = XCBuildConfiguration;
			buildSettings = {
				ASSETCATALOG_COMPILER_APPICON_NAME = AppIcon;
				ASSETCATALOG_COMPILER_GLOBAL_ACCENT_COLOR_NAME = AccentColor;
				CODE_SIGN_STYLE = Automatic;
				CURRENT_PROJECT_VERSION = 1;
				DEVELOPMENT_ASSET_PATHS = "\"rockpaperscissorsreal/Preview Content\"";
				ENABLE_PREVIEWS = YES;
				GENERATE_INFOPLIST_FILE = YES;
				INFOPLIST_KEY_UIApplicationSceneManifest_Generation = YES;
				INFOPLIST_KEY_UIApplicationSupportsIndirectInputEvents = YES;
				INFOPLIST_KEY_UILaunchScreen_Generation = YES;
				INFOPLIST_KEY_UISupportedInterfaceOrientations_iPad = "UIInterfaceOrientationPortrait UIInterfaceOrientationPortraitUpsideDown UIInterfaceOrientationLandscapeLeft UIInterfaceOrientationLandscapeRight";
				INFOPLIST_KEY_UISupportedInterfaceOrientations_iPhone = "UIInterfaceOrientationPortrait UIInterfaceOrientationLandscapeLeft UIInterfaceOrientationLandscapeRight";
				LD_RUNPATH_SEARCH_PATHS = (
					"$(inherited)",
					"@executable_path/Frameworks",
				);
				MARKETING_VERSION = 1.0;
				PRODUCT_BUNDLE_IDENTIFIER = com.kaajal.rockpaperscissorsreal;
				PRODUCT_NAME = "$(TARGET_NAME)";
				SWIFT_EMIT_LOC_STRINGS = YES;
				SWIFT_VERSION = 5.0;
				TARGETED_DEVICE_FAMILY = "1,2";
			};
			name = Release;
		};
		C442E68A2DA34A3A003A7644 /* Debug */ = {
			isa = XCBuildConfiguration;
			buildSettings = {
				BUNDLE_LOADER = "$(TEST_HOST)";
				CODE_SIGN_STYLE = Automatic;
				CURRENT_PROJECT_VERSION = 1;
				GENERATE_INFOPLIST_FILE = YES;
				IPHONEOS_DEPLOYMENT_TARGET = 18.2;
				MARKETING_VERSION = 1.0;
				PRODUCT_BUNDLE_IDENTIFIER = com.kaajal.rockpaperscissorsrealTests;
				PRODUCT_NAME = "$(TARGET_NAME)";
				SWIFT_EMIT_LOC_STRINGS = NO;
				SWIFT_VERSION = 5.0;
				TARGETED_DEVICE_FAMILY = "1,2";
				TEST_HOST = "$(BUILT_PRODUCTS_DIR)/rockpaperscissorsreal.app/$(BUNDLE_EXECUTABLE_FOLDER_PATH)/rockpaperscissorsreal";
			};
			name = Debug;
		};
		C442E68B2DA34A3A003A7644 /* Release */ = {
			isa = XCBuildConfiguration;
			buildSettings = {
				BUNDLE_LOADER = "$(TEST_HOST)";
				CODE_SIGN_STYLE = Automatic;
				CURRENT_PROJECT_VERSION = 1;
				GENERATE_INFOPLIST_FILE = YES;
				IPHONEOS_DEPLOYMENT_TARGET = 18.2;
				MARKETING_VERSION = 1.0;
				PRODUCT_BUNDLE_IDENTIFIER = com.kaajal.rockpaperscissorsrealTests;
				PRODUCT_NAME = "$(TARGET_NAME)";
				SWIFT_EMIT_LOC_STRINGS = NO;
				SWIFT_VERSION = 5.0;
				TARGETED_DEVICE_FAMILY = "1,2";
				TEST_HOST = "$(BUILT_PRODUCTS_DIR)/rockpaperscissorsreal.app/$(BUNDLE_EXECUTABLE_FOLDER_PATH)/rockpaperscissorsreal";
			};
			name = Release;
		};
		C442E68D2DA34A3A003A7644 /* Debug */ = {
			isa = XCBuildConfiguration;
			buildSettings = {
				CODE_SIGN_STYLE = Automatic;
				CURRENT_PROJECT_VERSION = 1;
				GENERATE_INFOPLIST_FILE = YES;
				MARKETING_VERSION = 1.0;
				PRODUCT_BUNDLE_IDENTIFIER = com.kaajal.rockpaperscissorsrealUITests;
				PRODUCT_NAME = "$(TARGET_NAME)";
				SWIFT_EMIT_LOC_STRINGS = NO;
				SWIFT_VERSION = 5.0;
				TARGETED_DEVICE_FAMILY = "1,2";
				TEST_TARGET_NAME = rockpaperscissorsreal;
			};
			name = Debug;
		};
		C442E68E2DA34A3A003A7644 /* Release */ = {
			isa = XCBuildConfiguration;
			buildSettings = {
				CODE_SIGN_STYLE = Automatic;
				CURRENT_PROJECT_VERSION = 1;
				GENERATE_INFOPLIST_FILE = YES;
				MARKETING_VERSION = 1.0;
				PRODUCT_BUNDLE_IDENTIFIER = com.kaajal.rockpaperscissorsrealUITests;
				PRODUCT_NAME = "$(TARGET_NAME)";
				SWIFT_EMIT_LOC_STRINGS = NO;
				SWIFT_VERSION = 5.0;
				TARGETED_DEVICE_FAMILY = "1,2";
				TEST_TARGET_NAME = rockpaperscissorsreal;
			};
			name = Release;
		};
/* End XCBuildConfiguration section */

/* Begin XCConfigurationList section */
		C442E65D2DA34A37003A7644 /* Build configuration list for PBXProject "rockpaperscissorsreal" */ = {
			isa = XCConfigurationList;
			buildConfigurations = (
				C442E6842DA34A3A003A7644 /* Debug */,
				C442E6852DA34A3A003A7644 /* Release */,
			);
			defaultConfigurationIsVisible = 0;
			defaultConfigurationName = Release;
		};
		C442E6862DA34A3A003A7644 /* Build configuration list for PBXNativeTarget "rockpaperscissorsreal" */ = {
			isa = XCConfigurationList;
			buildConfigurations = (
				C442E6872DA34A3A003A7644 /* Debug */,
				C442E6882DA34A3A003A7644 /* Release */,
			);
			defaultConfigurationIsVisible = 0;
			defaultConfigurationName = Release;
		};
		C442E6892DA34A3A003A7644 /* Build configuration list for PBXNativeTarget "rockpaperscissorsrealTests" */ = {
			isa = XCConfigurationList;
			buildConfigurations = (
				C442E68A2DA34A3A003A7644 /* Debug */,
				C442E68B2DA34A3A003A7644 /* Release */,
			);
			defaultConfigurationIsVisible = 0;
			defaultConfigurationName = Release;
		};
		C442E68C2DA34A3A003A7644 /* Build configuration list for PBXNativeTarget "rockpaperscissorsrealUITests" */ = {
			isa = XCConfigurationList;
			buildConfigurations = (
				C442E68D2DA34A3A003A7644 /* Debug */,
				C442E68E2DA34A3A003A7644 /* Release */,
			);
			defaultConfigurationIsVisible = 0;
			defaultConfigurationName = Release;
		};
/* End XCConfigurationList section */
	};
	rootObject = C442E65A2DA34A37003A7644 /* Project object */;
}
